// !$*UTF8*$!
{
	archiveVersion = 1;
	classes = {
	};
	objectVersion = 51;
	objects = {

/* Begin PBXBuildFile section */
		282B444E23D623620062C135 /* AppDelegate.swift in Sources */ = {isa = PBXBuildFile; fileRef = 282B444D23D623620062C135 /* AppDelegate.swift */; };
		282B445323D623620062C135 /* Main.storyboard in Resources */ = {isa = PBXBuildFile; fileRef = 282B445123D623620062C135 /* Main.storyboard */; };
		282B445523D623640062C135 /* Assets.xcassets in Resources */ = {isa = PBXBuildFile; fileRef = 282B445423D623640062C135 /* Assets.xcassets */; };
		282B445823D623640062C135 /* LaunchScreen.storyboard in Resources */ = {isa = PBXBuildFile; fileRef = 282B445623D623640062C135 /* LaunchScreen.storyboard */; };
		282B446023D627900062C135 /* GoogleService-Info.plist in Resources */ = {isa = PBXBuildFile; fileRef = 282B445F23D627900062C135 /* GoogleService-Info.plist */; };
		289A667523D62CB200F84F93 /* AuthenticationViewController.swift in Sources */ = {isa = PBXBuildFile; fileRef = 289A667423D62CB200F84F93 /* AuthenticationViewController.swift */; };
		28E324DB23DFA5E900E1884C /* SignUpViewController.swift in Sources */ = {isa = PBXBuildFile; fileRef = 28E324DA23DFA5E900E1884C /* SignUpViewController.swift */; };
		28E324E023DFA80900E1884C /* UIAlertController.swift in Sources */ = {isa = PBXBuildFile; fileRef = 28E324DF23DFA80900E1884C /* UIAlertController.swift */; };
		28E324E223DFAD0A00E1884C /* LoginViewController.swift in Sources */ = {isa = PBXBuildFile; fileRef = 28E324E123DFAD0A00E1884C /* LoginViewController.swift */; };
		666439556CAFD99A6924C671 /* Pods_Projet_12.framework in Frameworks */ = {isa = PBXBuildFile; fileRef = 7E3471D1DD02A7F368933DF4 /* Pods_Projet_12.framework */; };
/* End PBXBuildFile section */

/* Begin PBXFileReference section */
		282B444A23D623620062C135 /* Projet_12.app */ = {isa = PBXFileReference; explicitFileType = wrapper.application; includeInIndex = 0; path = Projet_12.app; sourceTree = BUILT_PRODUCTS_DIR; };
		282B444D23D623620062C135 /* AppDelegate.swift */ = {isa = PBXFileReference; lastKnownFileType = sourcecode.swift; path = AppDelegate.swift; sourceTree = "<group>"; };
		282B445223D623620062C135 /* Base */ = {isa = PBXFileReference; lastKnownFileType = file.storyboard; name = Base; path = Base.lproj/Main.storyboard; sourceTree = "<group>"; };
		282B445423D623640062C135 /* Assets.xcassets */ = {isa = PBXFileReference; lastKnownFileType = folder.assetcatalog; path = Assets.xcassets; sourceTree = "<group>"; };
		282B445723D623640062C135 /* Base */ = {isa = PBXFileReference; lastKnownFileType = file.storyboard; name = Base; path = Base.lproj/LaunchScreen.storyboard; sourceTree = "<group>"; };
		282B445923D623640062C135 /* Info.plist */ = {isa = PBXFileReference; lastKnownFileType = text.plist.xml; path = Info.plist; sourceTree = "<group>"; };
		282B445F23D627900062C135 /* GoogleService-Info.plist */ = {isa = PBXFileReference; fileEncoding = 4; lastKnownFileType = text.plist.xml; path = "GoogleService-Info.plist"; sourceTree = "<group>"; };
		289A667423D62CB200F84F93 /* AuthenticationViewController.swift */ = {isa = PBXFileReference; lastKnownFileType = sourcecode.swift; path = AuthenticationViewController.swift; sourceTree = "<group>"; };
		28E324DA23DFA5E900E1884C /* SignUpViewController.swift */ = {isa = PBXFileReference; lastKnownFileType = sourcecode.swift; path = SignUpViewController.swift; sourceTree = "<group>"; };
		28E324DF23DFA80900E1884C /* UIAlertController.swift */ = {isa = PBXFileReference; lastKnownFileType = sourcecode.swift; path = UIAlertController.swift; sourceTree = "<group>"; };
		28E324E123DFAD0A00E1884C /* LoginViewController.swift */ = {isa = PBXFileReference; lastKnownFileType = sourcecode.swift; path = LoginViewController.swift; sourceTree = "<group>"; };
		7E3471D1DD02A7F368933DF4 /* Pods_Projet_12.framework */ = {isa = PBXFileReference; explicitFileType = wrapper.framework; includeInIndex = 0; path = Pods_Projet_12.framework; sourceTree = BUILT_PRODUCTS_DIR; };
		918FEB4D5BB8D6769A3B2634 /* Pods-Projet_12.release.xcconfig */ = {isa = PBXFileReference; includeInIndex = 1; lastKnownFileType = text.xcconfig; name = "Pods-Projet_12.release.xcconfig"; path = "Target Support Files/Pods-Projet_12/Pods-Projet_12.release.xcconfig"; sourceTree = "<group>"; };
		EC4EC3D3376EA637840BDEF3 /* Pods-Projet_12.debug.xcconfig */ = {isa = PBXFileReference; includeInIndex = 1; lastKnownFileType = text.xcconfig; name = "Pods-Projet_12.debug.xcconfig"; path = "Target Support Files/Pods-Projet_12/Pods-Projet_12.debug.xcconfig"; sourceTree = "<group>"; };
/* End PBXFileReference section */

/* Begin PBXFrameworksBuildPhase section */
		282B444723D623620062C135 /* Frameworks */ = {
			isa = PBXFrameworksBuildPhase;
			buildActionMask = 2147483647;
			files = (
				666439556CAFD99A6924C671 /* Pods_Projet_12.framework in Frameworks */,
			);
			runOnlyForDeploymentPostprocessing = 0;
		};
/* End PBXFrameworksBuildPhase section */

/* Begin PBXGroup section */
		282B444123D623620062C135 = {
			isa = PBXGroup;
			children = (
				282B444C23D623620062C135 /* Projet_12 */,
				282B444B23D623620062C135 /* Products */,
				EC764D01F0567C3285517020 /* Pods */,
				D9ED925FD368486F9E95247A /* Frameworks */,
			);
			sourceTree = "<group>";
		};
		282B444B23D623620062C135 /* Products */ = {
			isa = PBXGroup;
			children = (
				282B444A23D623620062C135 /* Projet_12.app */,
			);
			name = Products;
			sourceTree = "<group>";
		};
		282B444C23D623620062C135 /* Projet_12 */ = {
			isa = PBXGroup;
			children = (
				289A667023D62BCB00F84F93 /* Model */,
				289A667123D62BD300F84F93 /* View */,
				289A667223D62BDB00F84F93 /* Controller */,
				28E324DC23DFA6A100E1884C /* Extension */,
				289A667323D62BF900F84F93 /* Supporting Files */,
			);
			path = Projet_12;
			sourceTree = "<group>";
		};
		289A667023D62BCB00F84F93 /* Model */ = {
			isa = PBXGroup;
			children = (
			);
			path = Model;
			sourceTree = "<group>";
		};
		289A667123D62BD300F84F93 /* View */ = {
			isa = PBXGroup;
			children = (
				282B445123D623620062C135 /* Main.storyboard */,
				282B445623D623640062C135 /* LaunchScreen.storyboard */,
			);
			path = View;
			sourceTree = "<group>";
		};
		289A667223D62BDB00F84F93 /* Controller */ = {
			isa = PBXGroup;
			children = (
				289A667423D62CB200F84F93 /* AuthenticationViewController.swift */,
				28E324DA23DFA5E900E1884C /* SignUpViewController.swift */,
				28E324E123DFAD0A00E1884C /* LoginViewController.swift */,
			);
			path = Controller;
			sourceTree = "<group>";
		};
		289A667323D62BF900F84F93 /* Supporting Files */ = {
			isa = PBXGroup;
			children = (
				282B445423D623640062C135 /* Assets.xcassets */,
				282B445923D623640062C135 /* Info.plist */,
				282B445F23D627900062C135 /* GoogleService-Info.plist */,
				282B444D23D623620062C135 /* AppDelegate.swift */,
			);
			path = "Supporting Files";
			sourceTree = "<group>";
		};
		28E324DC23DFA6A100E1884C /* Extension */ = {
			isa = PBXGroup;
			children = (
				28E324DF23DFA80900E1884C /* UIAlertController.swift */,
			);
			path = Extension;
			sourceTree = "<group>";
		};
		D9ED925FD368486F9E95247A /* Frameworks */ = {
			isa = PBXGroup;
			children = (
				7E3471D1DD02A7F368933DF4 /* Pods_Projet_12.framework */,
			);
			name = Frameworks;
			sourceTree = "<group>";
		};
		EC764D01F0567C3285517020 /* Pods */ = {
			isa = PBXGroup;
			children = (
				EC4EC3D3376EA637840BDEF3 /* Pods-Projet_12.debug.xcconfig */,
				918FEB4D5BB8D6769A3B2634 /* Pods-Projet_12.release.xcconfig */,
			);
			path = Pods;
			sourceTree = "<group>";
		};
/* End PBXGroup section */

/* Begin PBXNativeTarget section */
		282B444923D623620062C135 /* Projet_12 */ = {
			isa = PBXNativeTarget;
			buildConfigurationList = 282B445C23D623640062C135 /* Build configuration list for PBXNativeTarget "Projet_12" */;
			buildPhases = (
				51B7C8DCB3FCFD090BC37363 /* [CP] Check Pods Manifest.lock */,
				282B444623D623620062C135 /* Sources */,
				282B444723D623620062C135 /* Frameworks */,
				282B444823D623620062C135 /* Resources */,
				815503E4ED5B7F97E87C96BD /* [CP] Embed Pods Frameworks */,
				8F4A8D3BAB8A7E2A1F866A2D /* [CP] Copy Pods Resources */,
			);
			buildRules = (
			);
			dependencies = (
			);
			name = Projet_12;
			productName = Projet_12;
			productReference = 282B444A23D623620062C135 /* Projet_12.app */;
			productType = "com.apple.product-type.application";
		};
/* End PBXNativeTarget section */

/* Begin PBXProject section */
		282B444223D623620062C135 /* Project object */ = {
			isa = PBXProject;
			attributes = {
				LastSwiftUpdateCheck = 1010;
				LastUpgradeCheck = 1010;
				ORGANIZATIONNAME = "Léo NICOLAS";
				TargetAttributes = {
					282B444923D623620062C135 = {
						CreatedOnToolsVersion = 10.1;
					};
				};
			};
			buildConfigurationList = 282B444523D623620062C135 /* Build configuration list for PBXProject "Projet_12" */;
			compatibilityVersion = "Xcode 9.3";
			developmentRegion = en;
			hasScannedForEncodings = 0;
			knownRegions = (
				en,
				Base,
			);
			mainGroup = 282B444123D623620062C135;
			productRefGroup = 282B444B23D623620062C135 /* Products */;
			projectDirPath = "";
			projectRoot = "";
			targets = (
				282B444923D623620062C135 /* Projet_12 */,
			);
		};
/* End PBXProject section */

/* Begin PBXResourcesBuildPhase section */
		282B444823D623620062C135 /* Resources */ = {
			isa = PBXResourcesBuildPhase;
			buildActionMask = 2147483647;
			files = (
				282B445823D623640062C135 /* LaunchScreen.storyboard in Resources */,
				282B446023D627900062C135 /* GoogleService-Info.plist in Resources */,
				282B445523D623640062C135 /* Assets.xcassets in Resources */,
				282B445323D623620062C135 /* Main.storyboard in Resources */,
			);
			runOnlyForDeploymentPostprocessing = 0;
		};
/* End PBXResourcesBuildPhase section */

/* Begin PBXShellScriptBuildPhase section */
		51B7C8DCB3FCFD090BC37363 /* [CP] Check Pods Manifest.lock */ = {
			isa = PBXShellScriptBuildPhase;
			buildActionMask = 2147483647;
			files = (
			);
			inputFileListPaths = (
			);
			inputPaths = (
				"${PODS_PODFILE_DIR_PATH}/Podfile.lock",
				"${PODS_ROOT}/Manifest.lock",
			);
			name = "[CP] Check Pods Manifest.lock";
			outputFileListPaths = (
			);
			outputPaths = (
				"$(DERIVED_FILE_DIR)/Pods-Projet_12-checkManifestLockResult.txt",
			);
			runOnlyForDeploymentPostprocessing = 0;
			shellPath = /bin/sh;
			shellScript = "diff \"${PODS_PODFILE_DIR_PATH}/Podfile.lock\" \"${PODS_ROOT}/Manifest.lock\" > /dev/null\nif [ $? != 0 ] ; then\n    # print error to STDERR\n    echo \"error: The sandbox is not in sync with the Podfile.lock. Run 'pod install' or update your CocoaPods installation.\" >&2\n    exit 1\nfi\n# This output is used by Xcode 'outputs' to avoid re-running this script phase.\necho \"SUCCESS\" > \"${SCRIPT_OUTPUT_FILE_0}\"\n";
			showEnvVarsInLog = 0;
		};
		815503E4ED5B7F97E87C96BD /* [CP] Embed Pods Frameworks */ = {
			isa = PBXShellScriptBuildPhase;
			buildActionMask = 2147483647;
			files = (
			);
			inputFileListPaths = (
				"${PODS_ROOT}/Target Support Files/Pods-Projet_12/Pods-Projet_12-frameworks-${CONFIGURATION}-input-files.xcfilelist",
			);
			name = "[CP] Embed Pods Frameworks";
			outputFileListPaths = (
				"${PODS_ROOT}/Target Support Files/Pods-Projet_12/Pods-Projet_12-frameworks-${CONFIGURATION}-output-files.xcfilelist",
			);
			runOnlyForDeploymentPostprocessing = 0;
			shellPath = /bin/sh;
			shellScript = "\"${PODS_ROOT}/Target Support Files/Pods-Projet_12/Pods-Projet_12-frameworks.sh\"\n";
			showEnvVarsInLog = 0;
		};
		8F4A8D3BAB8A7E2A1F866A2D /* [CP] Copy Pods Resources */ = {
			isa = PBXShellScriptBuildPhase;
			buildActionMask = 2147483647;
			files = (
			);
			inputFileListPaths = (
				"${PODS_ROOT}/Target Support Files/Pods-Projet_12/Pods-Projet_12-resources-${CONFIGURATION}-input-files.xcfilelist",
			);
			name = "[CP] Copy Pods Resources";
			outputFileListPaths = (
				"${PODS_ROOT}/Target Support Files/Pods-Projet_12/Pods-Projet_12-resources-${CONFIGURATION}-output-files.xcfilelist",
			);
			runOnlyForDeploymentPostprocessing = 0;
			shellPath = /bin/sh;
			shellScript = "\"${PODS_ROOT}/Target Support Files/Pods-Projet_12/Pods-Projet_12-resources.sh\"\n";
			showEnvVarsInLog = 0;
		};
/* End PBXShellScriptBuildPhase section */

/* Begin PBXSourcesBuildPhase section */
		282B444623D623620062C135 /* Sources */ = {
			isa = PBXSourcesBuildPhase;
			buildActionMask = 2147483647;
			files = (
				28E324E023DFA80900E1884C /* UIAlertController.swift in Sources */,
				28E324DB23DFA5E900E1884C /* SignUpViewController.swift in Sources */,
				289A667523D62CB200F84F93 /* AuthenticationViewController.swift in Sources */,
				28E324E223DFAD0A00E1884C /* LoginViewController.swift in Sources */,
				282B444E23D623620062C135 /* AppDelegate.swift in Sources */,
			);
			runOnlyForDeploymentPostprocessing = 0;
		};
/* End PBXSourcesBuildPhase section */

/* Begin PBXVariantGroup section */
		282B445123D623620062C135 /* Main.storyboard */ = {
			isa = PBXVariantGroup;
			children = (
				282B445223D623620062C135 /* Base */,
			);
			name = Main.storyboard;
			sourceTree = "<group>";
		};
		282B445623D623640062C135 /* LaunchScreen.storyboard */ = {
			isa = PBXVariantGroup;
			children = (
				282B445723D623640062C135 /* Base */,
			);
			name = LaunchScreen.storyboard;
			sourceTree = "<group>";
		};
/* End PBXVariantGroup section */

/* Begin XCBuildConfiguration section */
		282B445A23D623640062C135 /* Debug */ = {
			isa = XCBuildConfiguration;
			buildSettings = {
				ALWAYS_SEARCH_USER_PATHS = NO;
				CLANG_ANALYZER_NONNULL = YES;
				CLANG_ANALYZER_NUMBER_OBJECT_CONVERSION = YES_AGGRESSIVE;
				CLANG_CXX_LANGUAGE_STANDARD = "gnu++14";
				CLANG_CXX_LIBRARY = "libc++";
				CLANG_ENABLE_MODULES = YES;
				CLANG_ENABLE_OBJC_ARC = YES;
				CLANG_ENABLE_OBJC_WEAK = YES;
				CLANG_WARN_BLOCK_CAPTURE_AUTORELEASING = YES;
				CLANG_WARN_BOOL_CONVERSION = YES;
				CLANG_WARN_COMMA = YES;
				CLANG_WARN_CONSTANT_CONVERSION = YES;
				CLANG_WARN_DEPRECATED_OBJC_IMPLEMENTATIONS = YES;
				CLANG_WARN_DIRECT_OBJC_ISA_USAGE = YES_ERROR;
				CLANG_WARN_DOCUMENTATION_COMMENTS = YES;
				CLANG_WARN_EMPTY_BODY = YES;
				CLANG_WARN_ENUM_CONVERSION = YES;
				CLANG_WARN_INFINITE_RECURSION = YES;
				CLANG_WARN_INT_CONVERSION = YES;
				CLANG_WARN_NON_LITERAL_NULL_CONVERSION = YES;
				CLANG_WARN_OBJC_IMPLICIT_RETAIN_SELF = YES;
				CLANG_WARN_OBJC_LITERAL_CONVERSION = YES;
				CLANG_WARN_OBJC_ROOT_CLASS = YES_ERROR;
				CLANG_WARN_RANGE_LOOP_ANALYSIS = YES;
				CLANG_WARN_STRICT_PROTOTYPES = YES;
				CLANG_WARN_SUSPICIOUS_MOVE = YES;
				CLANG_WARN_UNGUARDED_AVAILABILITY = YES_AGGRESSIVE;
				CLANG_WARN_UNREACHABLE_CODE = YES;
				CLANG_WARN__DUPLICATE_METHOD_MATCH = YES;
				CODE_SIGN_IDENTITY = "iPhone Developer";
				COPY_PHASE_STRIP = NO;
				DEBUG_INFORMATION_FORMAT = dwarf;
				ENABLE_STRICT_OBJC_MSGSEND = YES;
				ENABLE_TESTABILITY = YES;
				GCC_C_LANGUAGE_STANDARD = gnu11;
				GCC_DYNAMIC_NO_PIC = NO;
				GCC_NO_COMMON_BLOCKS = YES;
				GCC_OPTIMIZATION_LEVEL = 0;
				GCC_PREPROCESSOR_DEFINITIONS = (
					"DEBUG=1",
					"$(inherited)",
				);
				GCC_WARN_64_TO_32_BIT_CONVERSION = YES;
				GCC_WARN_ABOUT_RETURN_TYPE = YES_ERROR;
				GCC_WARN_UNDECLARED_SELECTOR = YES;
				GCC_WARN_UNINITIALIZED_AUTOS = YES_AGGRESSIVE;
				GCC_WARN_UNUSED_FUNCTION = YES;
				GCC_WARN_UNUSED_VARIABLE = YES;
				IPHONEOS_DEPLOYMENT_TARGET = 12.1;
				MTL_ENABLE_DEBUG_INFO = INCLUDE_SOURCE;
				MTL_FAST_MATH = YES;
				ONLY_ACTIVE_ARCH = YES;
				SDKROOT = iphoneos;
				SWIFT_ACTIVE_COMPILATION_CONDITIONS = DEBUG;
				SWIFT_OPTIMIZATION_LEVEL = "-Onone";
			};
			name = Debug;
		};
		282B445B23D623640062C135 /* Release */ = {
			isa = XCBuildConfiguration;
			buildSettings = {
				ALWAYS_SEARCH_USER_PATHS = NO;
				CLANG_ANALYZER_NONNULL = YES;
				CLANG_ANALYZER_NUMBER_OBJECT_CONVERSION = YES_AGGRESSIVE;
				CLANG_CXX_LANGUAGE_STANDARD = "gnu++14";
				CLANG_CXX_LIBRARY = "libc++";
				CLANG_ENABLE_MODULES = YES;
				CLANG_ENABLE_OBJC_ARC = YES;
				CLANG_ENABLE_OBJC_WEAK = YES;
				CLANG_WARN_BLOCK_CAPTURE_AUTORELEASING = YES;
				CLANG_WARN_BOOL_CONVERSION = YES;
				CLANG_WARN_COMMA = YES;
				CLANG_WARN_CONSTANT_CONVERSION = YES;
				CLANG_WARN_DEPRECATED_OBJC_IMPLEMENTATIONS = YES;
				CLANG_WARN_DIRECT_OBJC_ISA_USAGE = YES_ERROR;
				CLANG_WARN_DOCUMENTATION_COMMENTS = YES;
				CLANG_WARN_EMPTY_BODY = YES;
				CLANG_WARN_ENUM_CONVERSION = YES;
				CLANG_WARN_INFINITE_RECURSION = YES;
				CLANG_WARN_INT_CONVERSION = YES;
				CLANG_WARN_NON_LITERAL_NULL_CONVERSION = YES;
				CLANG_WARN_OBJC_IMPLICIT_RETAIN_SELF = YES;
				CLANG_WARN_OBJC_LITERAL_CONVERSION = YES;
				CLANG_WARN_OBJC_ROOT_CLASS = YES_ERROR;
				CLANG_WARN_RANGE_LOOP_ANALYSIS = YES;
				CLANG_WARN_STRICT_PROTOTYPES = YES;
				CLANG_WARN_SUSPICIOUS_MOVE = YES;
				CLANG_WARN_UNGUARDED_AVAILABILITY = YES_AGGRESSIVE;
				CLANG_WARN_UNREACHABLE_CODE = YES;
				CLANG_WARN__DUPLICATE_METHOD_MATCH = YES;
				CODE_SIGN_IDENTITY = "iPhone Developer";
				COPY_PHASE_STRIP = NO;
				DEBUG_INFORMATION_FORMAT = "dwarf-with-dsym";
				ENABLE_NS_ASSERTIONS = NO;
				ENABLE_STRICT_OBJC_MSGSEND = YES;
				GCC_C_LANGUAGE_STANDARD = gnu11;
				GCC_NO_COMMON_BLOCKS = YES;
				GCC_WARN_64_TO_32_BIT_CONVERSION = YES;
				GCC_WARN_ABOUT_RETURN_TYPE = YES_ERROR;
				GCC_WARN_UNDECLARED_SELECTOR = YES;
				GCC_WARN_UNINITIALIZED_AUTOS = YES_AGGRESSIVE;
				GCC_WARN_UNUSED_FUNCTION = YES;
				GCC_WARN_UNUSED_VARIABLE = YES;
				IPHONEOS_DEPLOYMENT_TARGET = 12.1;
				MTL_ENABLE_DEBUG_INFO = NO;
				MTL_FAST_MATH = YES;
				SDKROOT = iphoneos;
				SWIFT_COMPILATION_MODE = wholemodule;
				SWIFT_OPTIMIZATION_LEVEL = "-O";
				VALIDATE_PRODUCT = YES;
			};
			name = Release;
		};
		282B445D23D623640062C135 /* Debug */ = {
			isa = XCBuildConfiguration;
			baseConfigurationReference = EC4EC3D3376EA637840BDEF3 /* Pods-Projet_12.debug.xcconfig */;
			buildSettings = {
				ASSETCATALOG_COMPILER_APPICON_NAME = AppIcon;
				CODE_SIGN_STYLE = Automatic;
				INFOPLIST_FILE = "$(SRCROOT)/Projet_12/Supporting Files/Info.plist";
				IPHONEOS_DEPLOYMENT_TARGET = 11.0;
				LD_RUNPATH_SEARCH_PATHS = (
					"$(inherited)",
					"@executable_path/Frameworks",
				);
				PRODUCT_BUNDLE_IDENTIFIER = "fr.nicolasleo.Projet-12";
				PRODUCT_NAME = "$(TARGET_NAME)";
				SWIFT_VERSION = 4.2;
				TARGETED_DEVICE_FAMILY = "1,2";
			};
			name = Debug;
		};
		282B445E23D623640062C135 /* Release */ = {
			isa = XCBuildConfiguration;
			baseConfigurationReference = 918FEB4D5BB8D6769A3B2634 /* Pods-Projet_12.release.xcconfig */;
			buildSettings = {
				ASSETCATALOG_COMPILER_APPICON_NAME = AppIcon;
				CODE_SIGN_STYLE = Automatic;
				INFOPLIST_FILE = "$(SRCROOT)/Projet_12/Supporting Files/Info.plist";
				IPHONEOS_DEPLOYMENT_TARGET = 11.0;
				LD_RUNPATH_SEARCH_PATHS = (
					"$(inherited)",
					"@executable_path/Frameworks",
				);
				PRODUCT_BUNDLE_IDENTIFIER = "fr.nicolasleo.Projet-12";
				PRODUCT_NAME = "$(TARGET_NAME)";
				SWIFT_VERSION = 4.2;
				TARGETED_DEVICE_FAMILY = "1,2";
			};
			name = Release;
		};
/* End XCBuildConfiguration section */

/* Begin XCConfigurationList section */
		282B444523D623620062C135 /* Build configuration list for PBXProject "Projet_12" */ = {
			isa = XCConfigurationList;
			buildConfigurations = (
				282B445A23D623640062C135 /* Debug */,
				282B445B23D623640062C135 /* Release */,
			);
			defaultConfigurationIsVisible = 0;
			defaultConfigurationName = Release;
		};
		282B445C23D623640062C135 /* Build configuration list for PBXNativeTarget "Projet_12" */ = {
			isa = XCConfigurationList;
			buildConfigurations = (
				282B445D23D623640062C135 /* Debug */,
				282B445E23D623640062C135 /* Release */,
			);
			defaultConfigurationIsVisible = 0;
			defaultConfigurationName = Release;
		};
/* End XCConfigurationList section */
	};
	rootObject = 282B444223D623620062C135 /* Project object */;
}
