// !$*UTF8*$!
{
	archiveVersion = 1;
	classes = {
	};
	objectVersion = 51;
	objects = {

/* Begin PBXBuildFile section */
		282B444E23D623620062C135 /* AppDelegate.swift in Sources */ = {isa = PBXBuildFile; fileRef = 282B444D23D623620062C135 /* AppDelegate.swift */; };
		282B445323D623620062C135 /* Main.storyboard in Resources */ = {isa = PBXBuildFile; fileRef = 282B445123D623620062C135 /* Main.storyboard */; };
		282B445523D623640062C135 /* Assets.xcassets in Resources */ = {isa = PBXBuildFile; fileRef = 282B445423D623640062C135 /* Assets.xcassets */; };
		282B445823D623640062C135 /* LaunchScreen.storyboard in Resources */ = {isa = PBXBuildFile; fileRef = 282B445623D623640062C135 /* LaunchScreen.storyboard */; };
		282B446023D627900062C135 /* GoogleService-Info.plist in Resources */ = {isa = PBXBuildFile; fileRef = 282B445F23D627900062C135 /* GoogleService-Info.plist */; };
		282D6BEE23FCD482002A90DA /* Genres.swift in Sources */ = {isa = PBXBuildFile; fileRef = 282D6BED23FCD482002A90DA /* Genres.swift */; };
		282D6BF023FCDA2C002A90DA /* SerieCollectionViewCell.swift in Sources */ = {isa = PBXBuildFile; fileRef = 282D6BEF23FCDA2C002A90DA /* SerieCollectionViewCell.swift */; };
		282D6BF223FD8CA6002A90DA /* SerieDetailsViewController.swift in Sources */ = {isa = PBXBuildFile; fileRef = 282D6BF123FD8CA6002A90DA /* SerieDetailsViewController.swift */; };
		282D6BF5240479AC002A90DA /* ImageSerieTableViewCell.swift in Sources */ = {isa = PBXBuildFile; fileRef = 282D6BF3240479AC002A90DA /* ImageSerieTableViewCell.swift */; };
		282D6BF6240479AC002A90DA /* ImageSerieTableViewCell.xib in Resources */ = {isa = PBXBuildFile; fileRef = 282D6BF4240479AC002A90DA /* ImageSerieTableViewCell.xib */; };
		282D6BF924048A72002A90DA /* InformationSerieTableViewCell.swift in Sources */ = {isa = PBXBuildFile; fileRef = 282D6BF724048A72002A90DA /* InformationSerieTableViewCell.swift */; };
		282D6BFA24048A72002A90DA /* InformationSerieTableViewCell.xib in Resources */ = {isa = PBXBuildFile; fileRef = 282D6BF824048A72002A90DA /* InformationSerieTableViewCell.xib */; };
		282D6BFD2404A700002A90DA /* EvaluationTableViewCell.swift in Sources */ = {isa = PBXBuildFile; fileRef = 282D6BFB2404A700002A90DA /* EvaluationTableViewCell.swift */; };
		282D6BFE2404A700002A90DA /* EvaluationTableViewCell.xib in Resources */ = {isa = PBXBuildFile; fileRef = 282D6BFC2404A700002A90DA /* EvaluationTableViewCell.xib */; };
		28387C4A2404B25000B20BB1 /* SynopsisTableViewCell.swift in Sources */ = {isa = PBXBuildFile; fileRef = 28387C482404B25000B20BB1 /* SynopsisTableViewCell.swift */; };
		28387C4B2404B25000B20BB1 /* SynopsisTableViewCell.xib in Resources */ = {isa = PBXBuildFile; fileRef = 28387C492404B25000B20BB1 /* SynopsisTableViewCell.xib */; };
		28387C4E2404B6A000B20BB1 /* ForumTableViewCell.swift in Sources */ = {isa = PBXBuildFile; fileRef = 28387C4C2404B6A000B20BB1 /* ForumTableViewCell.swift */; };
		28387C4F2404B6A000B20BB1 /* ForumTableViewCell.xib in Resources */ = {isa = PBXBuildFile; fileRef = 28387C4D2404B6A000B20BB1 /* ForumTableViewCell.xib */; };
		28387C512404C96D00B20BB1 /* NickNameViewController.swift in Sources */ = {isa = PBXBuildFile; fileRef = 28387C502404C96D00B20BB1 /* NickNameViewController.swift */; };
		28538D1823EB22DF00EE4FC1 /* SeriesService.swift in Sources */ = {isa = PBXBuildFile; fileRef = 28538D1723EB22DF00EE4FC1 /* SeriesService.swift */; };
		28538D1A23F2195B00EE4FC1 /* SeriesList.swift in Sources */ = {isa = PBXBuildFile; fileRef = 28538D1923F2195B00EE4FC1 /* SeriesList.swift */; };
		28538D2A23F21D6A00EE4FC1 /* SeriesServiceTestCase.swift in Sources */ = {isa = PBXBuildFile; fileRef = 28538D2923F21D6A00EE4FC1 /* SeriesServiceTestCase.swift */; };
		28538D2C23F21DB300EE4FC1 /* SeriesList.json in Resources */ = {isa = PBXBuildFile; fileRef = 28538D2B23F21DB300EE4FC1 /* SeriesList.json */; };
		28538D2E23F21EB400EE4FC1 /* FakeResponseData.swift in Sources */ = {isa = PBXBuildFile; fileRef = 28538D2D23F21EB400EE4FC1 /* FakeResponseData.swift */; };
		28538D3023F2219D00EE4FC1 /* URLSessionFake.swift in Sources */ = {isa = PBXBuildFile; fileRef = 28538D2F23F2219D00EE4FC1 /* URLSessionFake.swift */; };
		287B239C2432C49D00DD9176 /* ForumFavoriteViewController.swift in Sources */ = {isa = PBXBuildFile; fileRef = 287B239B2432C49D00DD9176 /* ForumFavoriteViewController.swift */; };
		28898D4D2422B5B100BD06F3 /* DateServiceTestCase.swift in Sources */ = {isa = PBXBuildFile; fileRef = 28898D4C2422B5B100BD06F3 /* DateServiceTestCase.swift */; };
		28898D4F2422BE4D00BD06F3 /* GenresTestCase.swift in Sources */ = {isa = PBXBuildFile; fileRef = 28898D4E2422BE4D00BD06F3 /* GenresTestCase.swift */; };
		289242E824296DFB00F27AD1 /* FavoriteTopicService.swift in Sources */ = {isa = PBXBuildFile; fileRef = 289242E724296DFB00F27AD1 /* FavoriteTopicService.swift */; };
		28965995240CA0F0003536BD /* CustomShadowLayer.swift in Sources */ = {isa = PBXBuildFile; fileRef = 28965994240CA0F0003536BD /* CustomShadowLayer.swift */; };
		28965997240CA236003536BD /* UIColor.swift in Sources */ = {isa = PBXBuildFile; fileRef = 28965996240CA236003536BD /* UIColor.swift */; };
		28965999240DD428003536BD /* EvaluationViewController.swift in Sources */ = {isa = PBXBuildFile; fileRef = 28965998240DD428003536BD /* EvaluationViewController.swift */; };
		2896599C240DE1DC003536BD /* EvaluationService.swift in Sources */ = {isa = PBXBuildFile; fileRef = 2896599B240DE1DC003536BD /* EvaluationService.swift */; };
		2896599E240DE24F003536BD /* Evaluation.swift in Sources */ = {isa = PBXBuildFile; fileRef = 2896599D240DE24F003536BD /* Evaluation.swift */; };
		289659A0240EA4DB003536BD /* ForumViewController.swift in Sources */ = {isa = PBXBuildFile; fileRef = 2896599F240EA4DB003536BD /* ForumViewController.swift */; };
		289659A2240EACE2003536BD /* TopicEditingViewController.swift in Sources */ = {isa = PBXBuildFile; fileRef = 289659A1240EACE2003536BD /* TopicEditingViewController.swift */; };
		289659A4240EB3D2003536BD /* Topic.swift in Sources */ = {isa = PBXBuildFile; fileRef = 289659A3240EB3D2003536BD /* Topic.swift */; };
		289659A6240EB49A003536BD /* Post.swift in Sources */ = {isa = PBXBuildFile; fileRef = 289659A5240EB49A003536BD /* Post.swift */; };
		289659AA24117BD4003536BD /* ForumService.swift in Sources */ = {isa = PBXBuildFile; fileRef = 289659A924117BD4003536BD /* ForumService.swift */; };
		289659AC24119F7B003536BD /* DateService.swift in Sources */ = {isa = PBXBuildFile; fileRef = 289659AB24119F7B003536BD /* DateService.swift */; };
		289659B12411A814003536BD /* TopicCellView.xib in Resources */ = {isa = PBXBuildFile; fileRef = 289659B02411A814003536BD /* TopicCellView.xib */; };
		289659B32411A8A5003536BD /* TopicCellView.swift in Sources */ = {isa = PBXBuildFile; fileRef = 289659B22411A8A5003536BD /* TopicCellView.swift */; };
		289659B52411B195003536BD /* TopicCell.swift in Sources */ = {isa = PBXBuildFile; fileRef = 289659B42411B195003536BD /* TopicCell.swift */; };
		289659B72412C331003536BD /* TopicViewController.swift in Sources */ = {isa = PBXBuildFile; fileRef = 289659B62412C331003536BD /* TopicViewController.swift */; };
		289659BA2412CC55003536BD /* PostView.xib in Resources */ = {isa = PBXBuildFile; fileRef = 289659B92412CC55003536BD /* PostView.xib */; };
		289659BC2412CCE3003536BD /* PostView.swift in Sources */ = {isa = PBXBuildFile; fileRef = 289659BB2412CCE3003536BD /* PostView.swift */; };
		289659BE2412D379003536BD /* PostTableViewCell.swift in Sources */ = {isa = PBXBuildFile; fileRef = 289659BD2412D379003536BD /* PostTableViewCell.swift */; };
		289A667523D62CB200F84F93 /* AuthenticationViewController.swift in Sources */ = {isa = PBXBuildFile; fileRef = 289A667423D62CB200F84F93 /* AuthenticationViewController.swift */; };
		28A0E1152432CA0200B01886 /* FavoriteTopicInfos.swift in Sources */ = {isa = PBXBuildFile; fileRef = 28A0E1142432CA0200B01886 /* FavoriteTopicInfos.swift */; };
		28A0E1182432DA7D00B01886 /* FavoriteTopicView.xib in Resources */ = {isa = PBXBuildFile; fileRef = 28A0E1172432DA7D00B01886 /* FavoriteTopicView.xib */; };
		28A0E11C2432DB4600B01886 /* FavoriteTopicView.swift in Sources */ = {isa = PBXBuildFile; fileRef = 28A0E11B2432DB4600B01886 /* FavoriteTopicView.swift */; };
		28A0E11E2432E82F00B01886 /* FavoriteTopicCell.swift in Sources */ = {isa = PBXBuildFile; fileRef = 28A0E11D2432E82F00B01886 /* FavoriteTopicCell.swift */; };
		28C4511823FC410200BBB0F2 /* UsersService.swift in Sources */ = {isa = PBXBuildFile; fileRef = 28C4511723FC410200BBB0F2 /* UsersService.swift */; };
		28C4511A23FC45CC00BBB0F2 /* SignUpInfosViewController.swift in Sources */ = {isa = PBXBuildFile; fileRef = 28C4511923FC45CC00BBB0F2 /* SignUpInfosViewController.swift */; };
		28C4511C23FC49CE00BBB0F2 /* User.swift in Sources */ = {isa = PBXBuildFile; fileRef = 28C4511B23FC49CE00BBB0F2 /* User.swift */; };
		28D106B323F23473002C39C8 /* SeriesViewController.swift in Sources */ = {isa = PBXBuildFile; fileRef = 28D106B223F23473002C39C8 /* SeriesViewController.swift */; };
		28D106B523F2F872002C39C8 /* APIKeys.swift in Sources */ = {isa = PBXBuildFile; fileRef = 28D106B423F2F872002C39C8 /* APIKeys.swift */; };
		28D106BD23F30892002C39C8 /* SerieTableViewCell.swift in Sources */ = {isa = PBXBuildFile; fileRef = 28D106BC23F30892002C39C8 /* SerieTableViewCell.swift */; };
		28E324DB23DFA5E900E1884C /* SignUpViewController.swift in Sources */ = {isa = PBXBuildFile; fileRef = 28E324DA23DFA5E900E1884C /* SignUpViewController.swift */; };
		28E324E023DFA80900E1884C /* UIAlertController.swift in Sources */ = {isa = PBXBuildFile; fileRef = 28E324DF23DFA80900E1884C /* UIAlertController.swift */; };
		28E324E223DFAD0A00E1884C /* LoginViewController.swift in Sources */ = {isa = PBXBuildFile; fileRef = 28E324E123DFAD0A00E1884C /* LoginViewController.swift */; };
		666439556CAFD99A6924C671 /* Pods_Projet_12.framework in Frameworks */ = {isa = PBXBuildFile; fileRef = 7E3471D1DD02A7F368933DF4 /* Pods_Projet_12.framework */; };
		DF169624AC7D78D7D0BFC018 /* Pods_Projet_12Tests.framework in Frameworks */ = {isa = PBXBuildFile; fileRef = CB6C09B81B7D13802897825F /* Pods_Projet_12Tests.framework */; };
/* End PBXBuildFile section */

/* Begin PBXContainerItemProxy section */
		28538D2423F21D0200EE4FC1 /* PBXContainerItemProxy */ = {
			isa = PBXContainerItemProxy;
			containerPortal = 282B444223D623620062C135 /* Project object */;
			proxyType = 1;
			remoteGlobalIDString = 282B444923D623620062C135;
			remoteInfo = Projet_12;
		};
/* End PBXContainerItemProxy section */

/* Begin PBXFileReference section */
		282B444A23D623620062C135 /* Projet_12.app */ = {isa = PBXFileReference; explicitFileType = wrapper.application; includeInIndex = 0; path = Projet_12.app; sourceTree = BUILT_PRODUCTS_DIR; };
		282B444D23D623620062C135 /* AppDelegate.swift */ = {isa = PBXFileReference; lastKnownFileType = sourcecode.swift; path = AppDelegate.swift; sourceTree = "<group>"; };
		282B445223D623620062C135 /* Base */ = {isa = PBXFileReference; lastKnownFileType = file.storyboard; name = Base; path = Base.lproj/Main.storyboard; sourceTree = "<group>"; };
		282B445423D623640062C135 /* Assets.xcassets */ = {isa = PBXFileReference; lastKnownFileType = folder.assetcatalog; path = Assets.xcassets; sourceTree = "<group>"; };
		282B445723D623640062C135 /* Base */ = {isa = PBXFileReference; lastKnownFileType = file.storyboard; name = Base; path = Base.lproj/LaunchScreen.storyboard; sourceTree = "<group>"; };
		282B445923D623640062C135 /* Info.plist */ = {isa = PBXFileReference; lastKnownFileType = text.plist.xml; path = Info.plist; sourceTree = "<group>"; };
		282B445F23D627900062C135 /* GoogleService-Info.plist */ = {isa = PBXFileReference; fileEncoding = 4; lastKnownFileType = text.plist.xml; path = "GoogleService-Info.plist"; sourceTree = "<group>"; };
		282D6BED23FCD482002A90DA /* Genres.swift */ = {isa = PBXFileReference; lastKnownFileType = sourcecode.swift; name = Genres.swift; path = Projet_12/Model/Genres.swift; sourceTree = SOURCE_ROOT; };
		282D6BEF23FCDA2C002A90DA /* SerieCollectionViewCell.swift */ = {isa = PBXFileReference; lastKnownFileType = sourcecode.swift; path = SerieCollectionViewCell.swift; sourceTree = "<group>"; };
		282D6BF123FD8CA6002A90DA /* SerieDetailsViewController.swift */ = {isa = PBXFileReference; lastKnownFileType = sourcecode.swift; path = SerieDetailsViewController.swift; sourceTree = "<group>"; };
		282D6BF3240479AC002A90DA /* ImageSerieTableViewCell.swift */ = {isa = PBXFileReference; lastKnownFileType = sourcecode.swift; path = ImageSerieTableViewCell.swift; sourceTree = "<group>"; };
		282D6BF4240479AC002A90DA /* ImageSerieTableViewCell.xib */ = {isa = PBXFileReference; lastKnownFileType = file.xib; path = ImageSerieTableViewCell.xib; sourceTree = "<group>"; };
		282D6BF724048A72002A90DA /* InformationSerieTableViewCell.swift */ = {isa = PBXFileReference; lastKnownFileType = sourcecode.swift; path = InformationSerieTableViewCell.swift; sourceTree = "<group>"; };
		282D6BF824048A72002A90DA /* InformationSerieTableViewCell.xib */ = {isa = PBXFileReference; lastKnownFileType = file.xib; path = InformationSerieTableViewCell.xib; sourceTree = "<group>"; };
		282D6BFB2404A700002A90DA /* EvaluationTableViewCell.swift */ = {isa = PBXFileReference; lastKnownFileType = sourcecode.swift; path = EvaluationTableViewCell.swift; sourceTree = "<group>"; };
		282D6BFC2404A700002A90DA /* EvaluationTableViewCell.xib */ = {isa = PBXFileReference; lastKnownFileType = file.xib; path = EvaluationTableViewCell.xib; sourceTree = "<group>"; };
		28387C482404B25000B20BB1 /* SynopsisTableViewCell.swift */ = {isa = PBXFileReference; lastKnownFileType = sourcecode.swift; path = SynopsisTableViewCell.swift; sourceTree = "<group>"; };
		28387C492404B25000B20BB1 /* SynopsisTableViewCell.xib */ = {isa = PBXFileReference; lastKnownFileType = file.xib; path = SynopsisTableViewCell.xib; sourceTree = "<group>"; };
		28387C4C2404B6A000B20BB1 /* ForumTableViewCell.swift */ = {isa = PBXFileReference; lastKnownFileType = sourcecode.swift; path = ForumTableViewCell.swift; sourceTree = "<group>"; };
		28387C4D2404B6A000B20BB1 /* ForumTableViewCell.xib */ = {isa = PBXFileReference; lastKnownFileType = file.xib; path = ForumTableViewCell.xib; sourceTree = "<group>"; };
		28387C502404C96D00B20BB1 /* NickNameViewController.swift */ = {isa = PBXFileReference; lastKnownFileType = sourcecode.swift; path = NickNameViewController.swift; sourceTree = "<group>"; };
		28538D1723EB22DF00EE4FC1 /* SeriesService.swift */ = {isa = PBXFileReference; lastKnownFileType = sourcecode.swift; path = SeriesService.swift; sourceTree = "<group>"; };
		28538D1923F2195B00EE4FC1 /* SeriesList.swift */ = {isa = PBXFileReference; lastKnownFileType = sourcecode.swift; path = SeriesList.swift; sourceTree = "<group>"; };
		28538D1F23F21D0200EE4FC1 /* Projet_12Tests.xctest */ = {isa = PBXFileReference; explicitFileType = wrapper.cfbundle; includeInIndex = 0; path = Projet_12Tests.xctest; sourceTree = BUILT_PRODUCTS_DIR; };
		28538D2323F21D0200EE4FC1 /* Info.plist */ = {isa = PBXFileReference; lastKnownFileType = text.plist.xml; path = Info.plist; sourceTree = "<group>"; };
		28538D2923F21D6A00EE4FC1 /* SeriesServiceTestCase.swift */ = {isa = PBXFileReference; lastKnownFileType = sourcecode.swift; path = SeriesServiceTestCase.swift; sourceTree = "<group>"; };
		28538D2B23F21DB300EE4FC1 /* SeriesList.json */ = {isa = PBXFileReference; lastKnownFileType = text.json; path = SeriesList.json; sourceTree = "<group>"; };
		28538D2D23F21EB400EE4FC1 /* FakeResponseData.swift */ = {isa = PBXFileReference; lastKnownFileType = sourcecode.swift; path = FakeResponseData.swift; sourceTree = "<group>"; };
		28538D2F23F2219D00EE4FC1 /* URLSessionFake.swift */ = {isa = PBXFileReference; lastKnownFileType = sourcecode.swift; path = URLSessionFake.swift; sourceTree = "<group>"; };
		287B239B2432C49D00DD9176 /* ForumFavoriteViewController.swift */ = {isa = PBXFileReference; lastKnownFileType = sourcecode.swift; path = ForumFavoriteViewController.swift; sourceTree = "<group>"; };
		28898D4C2422B5B100BD06F3 /* DateServiceTestCase.swift */ = {isa = PBXFileReference; lastKnownFileType = sourcecode.swift; path = DateServiceTestCase.swift; sourceTree = "<group>"; };
		28898D4E2422BE4D00BD06F3 /* GenresTestCase.swift */ = {isa = PBXFileReference; lastKnownFileType = sourcecode.swift; path = GenresTestCase.swift; sourceTree = "<group>"; };
		289242E724296DFB00F27AD1 /* FavoriteTopicService.swift */ = {isa = PBXFileReference; lastKnownFileType = sourcecode.swift; path = FavoriteTopicService.swift; sourceTree = "<group>"; };
		28965994240CA0F0003536BD /* CustomShadowLayer.swift */ = {isa = PBXFileReference; lastKnownFileType = sourcecode.swift; path = CustomShadowLayer.swift; sourceTree = "<group>"; };
		28965996240CA236003536BD /* UIColor.swift */ = {isa = PBXFileReference; lastKnownFileType = sourcecode.swift; path = UIColor.swift; sourceTree = "<group>"; };
		28965998240DD428003536BD /* EvaluationViewController.swift */ = {isa = PBXFileReference; lastKnownFileType = sourcecode.swift; path = EvaluationViewController.swift; sourceTree = "<group>"; };
		2896599B240DE1DC003536BD /* EvaluationService.swift */ = {isa = PBXFileReference; lastKnownFileType = sourcecode.swift; path = EvaluationService.swift; sourceTree = "<group>"; };
		2896599D240DE24F003536BD /* Evaluation.swift */ = {isa = PBXFileReference; lastKnownFileType = sourcecode.swift; path = Evaluation.swift; sourceTree = "<group>"; };
		2896599F240EA4DB003536BD /* ForumViewController.swift */ = {isa = PBXFileReference; lastKnownFileType = sourcecode.swift; path = ForumViewController.swift; sourceTree = "<group>"; };
		289659A1240EACE2003536BD /* TopicEditingViewController.swift */ = {isa = PBXFileReference; lastKnownFileType = sourcecode.swift; path = TopicEditingViewController.swift; sourceTree = "<group>"; };
		289659A3240EB3D2003536BD /* Topic.swift */ = {isa = PBXFileReference; lastKnownFileType = sourcecode.swift; path = Topic.swift; sourceTree = "<group>"; };
		289659A5240EB49A003536BD /* Post.swift */ = {isa = PBXFileReference; lastKnownFileType = sourcecode.swift; path = Post.swift; sourceTree = "<group>"; };
		289659A924117BD4003536BD /* ForumService.swift */ = {isa = PBXFileReference; lastKnownFileType = sourcecode.swift; path = ForumService.swift; sourceTree = "<group>"; };
		289659AB24119F7B003536BD /* DateService.swift */ = {isa = PBXFileReference; lastKnownFileType = sourcecode.swift; path = DateService.swift; sourceTree = "<group>"; };
		289659B02411A814003536BD /* TopicCellView.xib */ = {isa = PBXFileReference; lastKnownFileType = file.xib; path = TopicCellView.xib; sourceTree = "<group>"; };
		289659B22411A8A5003536BD /* TopicCellView.swift */ = {isa = PBXFileReference; lastKnownFileType = sourcecode.swift; path = TopicCellView.swift; sourceTree = "<group>"; };
		289659B42411B195003536BD /* TopicCell.swift */ = {isa = PBXFileReference; lastKnownFileType = sourcecode.swift; path = TopicCell.swift; sourceTree = "<group>"; };
		289659B62412C331003536BD /* TopicViewController.swift */ = {isa = PBXFileReference; lastKnownFileType = sourcecode.swift; path = TopicViewController.swift; sourceTree = "<group>"; };
		289659B92412CC55003536BD /* PostView.xib */ = {isa = PBXFileReference; lastKnownFileType = file.xib; path = PostView.xib; sourceTree = "<group>"; };
		289659BB2412CCE3003536BD /* PostView.swift */ = {isa = PBXFileReference; lastKnownFileType = sourcecode.swift; path = PostView.swift; sourceTree = "<group>"; };
		289659BD2412D379003536BD /* PostTableViewCell.swift */ = {isa = PBXFileReference; lastKnownFileType = sourcecode.swift; path = PostTableViewCell.swift; sourceTree = "<group>"; };
		289A667423D62CB200F84F93 /* AuthenticationViewController.swift */ = {isa = PBXFileReference; lastKnownFileType = sourcecode.swift; path = AuthenticationViewController.swift; sourceTree = "<group>"; };
		28A0E1142432CA0200B01886 /* FavoriteTopicInfos.swift */ = {isa = PBXFileReference; lastKnownFileType = sourcecode.swift; path = FavoriteTopicInfos.swift; sourceTree = "<group>"; };
		28A0E1172432DA7D00B01886 /* FavoriteTopicView.xib */ = {isa = PBXFileReference; lastKnownFileType = file.xib; path = FavoriteTopicView.xib; sourceTree = "<group>"; };
		28A0E11B2432DB4600B01886 /* FavoriteTopicView.swift */ = {isa = PBXFileReference; lastKnownFileType = sourcecode.swift; path = FavoriteTopicView.swift; sourceTree = "<group>"; };
		28A0E11D2432E82F00B01886 /* FavoriteTopicCell.swift */ = {isa = PBXFileReference; lastKnownFileType = sourcecode.swift; path = FavoriteTopicCell.swift; sourceTree = "<group>"; };
		28C4511723FC410200BBB0F2 /* UsersService.swift */ = {isa = PBXFileReference; lastKnownFileType = sourcecode.swift; path = UsersService.swift; sourceTree = "<group>"; };
		28C4511923FC45CC00BBB0F2 /* SignUpInfosViewController.swift */ = {isa = PBXFileReference; lastKnownFileType = sourcecode.swift; path = SignUpInfosViewController.swift; sourceTree = "<group>"; };
		28C4511B23FC49CE00BBB0F2 /* User.swift */ = {isa = PBXFileReference; lastKnownFileType = sourcecode.swift; path = User.swift; sourceTree = "<group>"; };
		28D106B223F23473002C39C8 /* SeriesViewController.swift */ = {isa = PBXFileReference; lastKnownFileType = sourcecode.swift; path = SeriesViewController.swift; sourceTree = "<group>"; };
		28D106B423F2F872002C39C8 /* APIKeys.swift */ = {isa = PBXFileReference; lastKnownFileType = sourcecode.swift; path = APIKeys.swift; sourceTree = "<group>"; };
		28D106BC23F30892002C39C8 /* SerieTableViewCell.swift */ = {isa = PBXFileReference; lastKnownFileType = sourcecode.swift; path = SerieTableViewCell.swift; sourceTree = "<group>"; };
		28E324DA23DFA5E900E1884C /* SignUpViewController.swift */ = {isa = PBXFileReference; lastKnownFileType = sourcecode.swift; path = SignUpViewController.swift; sourceTree = "<group>"; };
		28E324DF23DFA80900E1884C /* UIAlertController.swift */ = {isa = PBXFileReference; lastKnownFileType = sourcecode.swift; path = UIAlertController.swift; sourceTree = "<group>"; };
		28E324E123DFAD0A00E1884C /* LoginViewController.swift */ = {isa = PBXFileReference; lastKnownFileType = sourcecode.swift; path = LoginViewController.swift; sourceTree = "<group>"; };
		7E3471D1DD02A7F368933DF4 /* Pods_Projet_12.framework */ = {isa = PBXFileReference; explicitFileType = wrapper.framework; includeInIndex = 0; path = Pods_Projet_12.framework; sourceTree = BUILT_PRODUCTS_DIR; };
		918FEB4D5BB8D6769A3B2634 /* Pods-Projet_12.release.xcconfig */ = {isa = PBXFileReference; includeInIndex = 1; lastKnownFileType = text.xcconfig; name = "Pods-Projet_12.release.xcconfig"; path = "Target Support Files/Pods-Projet_12/Pods-Projet_12.release.xcconfig"; sourceTree = "<group>"; };
		A74042737CDB5060465E4E16 /* Pods-Projet_12Tests.debug.xcconfig */ = {isa = PBXFileReference; includeInIndex = 1; lastKnownFileType = text.xcconfig; name = "Pods-Projet_12Tests.debug.xcconfig"; path = "Target Support Files/Pods-Projet_12Tests/Pods-Projet_12Tests.debug.xcconfig"; sourceTree = "<group>"; };
		CB6C09B81B7D13802897825F /* Pods_Projet_12Tests.framework */ = {isa = PBXFileReference; explicitFileType = wrapper.framework; includeInIndex = 0; path = Pods_Projet_12Tests.framework; sourceTree = BUILT_PRODUCTS_DIR; };
		EC4EC3D3376EA637840BDEF3 /* Pods-Projet_12.debug.xcconfig */ = {isa = PBXFileReference; includeInIndex = 1; lastKnownFileType = text.xcconfig; name = "Pods-Projet_12.debug.xcconfig"; path = "Target Support Files/Pods-Projet_12/Pods-Projet_12.debug.xcconfig"; sourceTree = "<group>"; };
		ED901E6E9F29B1F37D0DA916 /* Pods-Projet_12Tests.release.xcconfig */ = {isa = PBXFileReference; includeInIndex = 1; lastKnownFileType = text.xcconfig; name = "Pods-Projet_12Tests.release.xcconfig"; path = "Target Support Files/Pods-Projet_12Tests/Pods-Projet_12Tests.release.xcconfig"; sourceTree = "<group>"; };
/* End PBXFileReference section */

/* Begin PBXFrameworksBuildPhase section */
		282B444723D623620062C135 /* Frameworks */ = {
			isa = PBXFrameworksBuildPhase;
			buildActionMask = 2147483647;
			files = (
				666439556CAFD99A6924C671 /* Pods_Projet_12.framework in Frameworks */,
			);
			runOnlyForDeploymentPostprocessing = 0;
		};
		28538D1C23F21D0200EE4FC1 /* Frameworks */ = {
			isa = PBXFrameworksBuildPhase;
			buildActionMask = 2147483647;
			files = (
				DF169624AC7D78D7D0BFC018 /* Pods_Projet_12Tests.framework in Frameworks */,
			);
			runOnlyForDeploymentPostprocessing = 0;
		};
/* End PBXFrameworksBuildPhase section */

/* Begin PBXGroup section */
		282B444123D623620062C135 = {
			isa = PBXGroup;
			children = (
				282B444C23D623620062C135 /* Projet_12 */,
				28538D2023F21D0200EE4FC1 /* Projet_12Tests */,
				282B444B23D623620062C135 /* Products */,
				EC764D01F0567C3285517020 /* Pods */,
				D9ED925FD368486F9E95247A /* Frameworks */,
			);
			sourceTree = "<group>";
		};
		282B444B23D623620062C135 /* Products */ = {
			isa = PBXGroup;
			children = (
				282B444A23D623620062C135 /* Projet_12.app */,
				28538D1F23F21D0200EE4FC1 /* Projet_12Tests.xctest */,
			);
			name = Products;
			sourceTree = "<group>";
		};
		282B444C23D623620062C135 /* Projet_12 */ = {
			isa = PBXGroup;
			children = (
				289A667023D62BCB00F84F93 /* Model */,
				289A667123D62BD300F84F93 /* View */,
				2896598B240C84A2003536BD /* Authentication */,
				28965991240C857F003536BD /* Series */,
				287B23972432C37A00DD9176 /* Forum */,
				28E324DC23DFA6A100E1884C /* Extension */,
				289A667323D62BF900F84F93 /* Supporting Files */,
			);
			path = Projet_12;
			sourceTree = "<group>";
		};
		28538D2023F21D0200EE4FC1 /* Projet_12Tests */ = {
			isa = PBXGroup;
			children = (
				28538D2F23F2219D00EE4FC1 /* URLSessionFake.swift */,
				28538D2D23F21EB400EE4FC1 /* FakeResponseData.swift */,
				28538D2923F21D6A00EE4FC1 /* SeriesServiceTestCase.swift */,
				28898D4C2422B5B100BD06F3 /* DateServiceTestCase.swift */,
				28898D4E2422BE4D00BD06F3 /* GenresTestCase.swift */,
				28538D2B23F21DB300EE4FC1 /* SeriesList.json */,
				28538D2323F21D0200EE4FC1 /* Info.plist */,
			);
			path = Projet_12Tests;
			sourceTree = "<group>";
		};
		287B23972432C37A00DD9176 /* Forum */ = {
			isa = PBXGroup;
			children = (
				287B23982432C3BD00DD9176 /* Model */,
				287B23992432C42B00DD9176 /* View */,
				287B239A2432C44B00DD9176 /* Controller */,
			);
			path = Forum;
			sourceTree = "<group>";
		};
		287B23982432C3BD00DD9176 /* Model */ = {
			isa = PBXGroup;
			children = (
				289659A3240EB3D2003536BD /* Topic.swift */,
				28A0E1142432CA0200B01886 /* FavoriteTopicInfos.swift */,
				289659A5240EB49A003536BD /* Post.swift */,
				289659A924117BD4003536BD /* ForumService.swift */,
				289242E724296DFB00F27AD1 /* FavoriteTopicService.swift */,
			);
			path = Model;
			sourceTree = "<group>";
		};
		287B23992432C42B00DD9176 /* View */ = {
			isa = PBXGroup;
			children = (
				28A0E1162432D8F400B01886 /* FavoriteForumTableView */,
				289659B82412CC23003536BD /* TopicTableView */,
			);
			path = View;
			sourceTree = "<group>";
		};
		287B239A2432C44B00DD9176 /* Controller */ = {
			isa = PBXGroup;
			children = (
				289659B62412C331003536BD /* TopicViewController.swift */,
				287B239B2432C49D00DD9176 /* ForumFavoriteViewController.swift */,
			);
			path = Controller;
			sourceTree = "<group>";
		};
		2896598B240C84A2003536BD /* Authentication */ = {
			isa = PBXGroup;
			children = (
				2896598C240C84B8003536BD /* Model */,
				2896598F240C84E1003536BD /* Controller */,
			);
			path = Authentication;
			sourceTree = "<group>";
		};
		2896598C240C84B8003536BD /* Model */ = {
			isa = PBXGroup;
			children = (
				28C4511B23FC49CE00BBB0F2 /* User.swift */,
				28C4511723FC410200BBB0F2 /* UsersService.swift */,
			);
			path = Model;
			sourceTree = "<group>";
		};
		2896598F240C84E1003536BD /* Controller */ = {
			isa = PBXGroup;
			children = (
				289A667423D62CB200F84F93 /* AuthenticationViewController.swift */,
				28E324E123DFAD0A00E1884C /* LoginViewController.swift */,
				28387C502404C96D00B20BB1 /* NickNameViewController.swift */,
				28E324DA23DFA5E900E1884C /* SignUpViewController.swift */,
				28C4511923FC45CC00BBB0F2 /* SignUpInfosViewController.swift */,
			);
			path = Controller;
			sourceTree = "<group>";
		};
		28965991240C857F003536BD /* Series */ = {
			isa = PBXGroup;
			children = (
				2896599A240DE1BB003536BD /* Model */,
				28965992240C859A003536BD /* View */,
				28965993240C85A4003536BD /* Controller */,
			);
			path = Series;
			sourceTree = "<group>";
		};
		28965992240C859A003536BD /* View */ = {
			isa = PBXGroup;
			children = (
				289659AD2411A6BC003536BD /* SerieTableView */,
				289659AE2411A6CC003536BD /* SerieDetailsStaticTableView */,
				289659AF2411A727003536BD /* ForumTableView */,
			);
			path = View;
			sourceTree = "<group>";
		};
		28965993240C85A4003536BD /* Controller */ = {
			isa = PBXGroup;
			children = (
				28D106B223F23473002C39C8 /* SeriesViewController.swift */,
				282D6BF123FD8CA6002A90DA /* SerieDetailsViewController.swift */,
				28965998240DD428003536BD /* EvaluationViewController.swift */,
				2896599F240EA4DB003536BD /* ForumViewController.swift */,
				289659A1240EACE2003536BD /* TopicEditingViewController.swift */,
			);
			path = Controller;
			sourceTree = "<group>";
		};
		2896599A240DE1BB003536BD /* Model */ = {
			isa = PBXGroup;
			children = (
				2896599D240DE24F003536BD /* Evaluation.swift */,
				2896599B240DE1DC003536BD /* EvaluationService.swift */,
			);
			path = Model;
			sourceTree = "<group>";
		};
		289659AD2411A6BC003536BD /* SerieTableView */ = {
			isa = PBXGroup;
			children = (
				28D106BC23F30892002C39C8 /* SerieTableViewCell.swift */,
				282D6BEF23FCDA2C002A90DA /* SerieCollectionViewCell.swift */,
			);
			path = SerieTableView;
			sourceTree = "<group>";
		};
		289659AE2411A6CC003536BD /* SerieDetailsStaticTableView */ = {
			isa = PBXGroup;
			children = (
				282D6BF3240479AC002A90DA /* ImageSerieTableViewCell.swift */,
				282D6BF4240479AC002A90DA /* ImageSerieTableViewCell.xib */,
				282D6BF724048A72002A90DA /* InformationSerieTableViewCell.swift */,
				282D6BF824048A72002A90DA /* InformationSerieTableViewCell.xib */,
				282D6BFB2404A700002A90DA /* EvaluationTableViewCell.swift */,
				282D6BFC2404A700002A90DA /* EvaluationTableViewCell.xib */,
				28387C482404B25000B20BB1 /* SynopsisTableViewCell.swift */,
				28387C492404B25000B20BB1 /* SynopsisTableViewCell.xib */,
				28387C4C2404B6A000B20BB1 /* ForumTableViewCell.swift */,
				28387C4D2404B6A000B20BB1 /* ForumTableViewCell.xib */,
			);
			path = SerieDetailsStaticTableView;
			sourceTree = "<group>";
		};
		289659AF2411A727003536BD /* ForumTableView */ = {
			isa = PBXGroup;
			children = (
				289659B42411B195003536BD /* TopicCell.swift */,
				289659B22411A8A5003536BD /* TopicCellView.swift */,
				289659B02411A814003536BD /* TopicCellView.xib */,
			);
			path = ForumTableView;
			sourceTree = "<group>";
		};
		289659B82412CC23003536BD /* TopicTableView */ = {
			isa = PBXGroup;
			children = (
				289659BD2412D379003536BD /* PostTableViewCell.swift */,
				289659BB2412CCE3003536BD /* PostView.swift */,
				289659B92412CC55003536BD /* PostView.xib */,
			);
			path = TopicTableView;
			sourceTree = "<group>";
		};
		289A667023D62BCB00F84F93 /* Model */ = {
			isa = PBXGroup;
			children = (
				28538D1923F2195B00EE4FC1 /* SeriesList.swift */,
				28538D1723EB22DF00EE4FC1 /* SeriesService.swift */,
				282D6BED23FCD482002A90DA /* Genres.swift */,
				289659AB24119F7B003536BD /* DateService.swift */,
			);
			path = Model;
			sourceTree = "<group>";
		};
		289A667123D62BD300F84F93 /* View */ = {
			isa = PBXGroup;
			children = (
				282B445123D623620062C135 /* Main.storyboard */,
				282B445623D623640062C135 /* LaunchScreen.storyboard */,
				28965994240CA0F0003536BD /* CustomShadowLayer.swift */,
			);
			path = View;
			sourceTree = "<group>";
		};
		289A667323D62BF900F84F93 /* Supporting Files */ = {
			isa = PBXGroup;
			children = (
				28D106B423F2F872002C39C8 /* APIKeys.swift */,
				282B445423D623640062C135 /* Assets.xcassets */,
				282B445923D623640062C135 /* Info.plist */,
				282B445F23D627900062C135 /* GoogleService-Info.plist */,
				282B444D23D623620062C135 /* AppDelegate.swift */,
			);
			path = "Supporting Files";
			sourceTree = "<group>";
		};
		28A0E1162432D8F400B01886 /* FavoriteForumTableView */ = {
			isa = PBXGroup;
			children = (
				28A0E11D2432E82F00B01886 /* FavoriteTopicCell.swift */,
				28A0E11B2432DB4600B01886 /* FavoriteTopicView.swift */,
				28A0E1172432DA7D00B01886 /* FavoriteTopicView.xib */,
			);
			path = FavoriteForumTableView;
			sourceTree = "<group>";
		};
		28E324DC23DFA6A100E1884C /* Extension */ = {
			isa = PBXGroup;
			children = (
				28E324DF23DFA80900E1884C /* UIAlertController.swift */,
				28965996240CA236003536BD /* UIColor.swift */,
			);
			path = Extension;
			sourceTree = "<group>";
		};
		D9ED925FD368486F9E95247A /* Frameworks */ = {
			isa = PBXGroup;
			children = (
				7E3471D1DD02A7F368933DF4 /* Pods_Projet_12.framework */,
				CB6C09B81B7D13802897825F /* Pods_Projet_12Tests.framework */,
			);
			name = Frameworks;
			sourceTree = "<group>";
		};
		EC764D01F0567C3285517020 /* Pods */ = {
			isa = PBXGroup;
			children = (
				EC4EC3D3376EA637840BDEF3 /* Pods-Projet_12.debug.xcconfig */,
				918FEB4D5BB8D6769A3B2634 /* Pods-Projet_12.release.xcconfig */,
				A74042737CDB5060465E4E16 /* Pods-Projet_12Tests.debug.xcconfig */,
				ED901E6E9F29B1F37D0DA916 /* Pods-Projet_12Tests.release.xcconfig */,
			);
			path = Pods;
			sourceTree = "<group>";
		};
/* End PBXGroup section */

/* Begin PBXNativeTarget section */
		282B444923D623620062C135 /* Projet_12 */ = {
			isa = PBXNativeTarget;
			buildConfigurationList = 282B445C23D623640062C135 /* Build configuration list for PBXNativeTarget "Projet_12" */;
			buildPhases = (
				51B7C8DCB3FCFD090BC37363 /* [CP] Check Pods Manifest.lock */,
				282B444623D623620062C135 /* Sources */,
				282B444723D623620062C135 /* Frameworks */,
				282B444823D623620062C135 /* Resources */,
				815503E4ED5B7F97E87C96BD /* [CP] Embed Pods Frameworks */,
				8F4A8D3BAB8A7E2A1F866A2D /* [CP] Copy Pods Resources */,
				28898D502422C55D00BD06F3 /* ShellScript */,
			);
			buildRules = (
			);
			dependencies = (
			);
			name = Projet_12;
			productName = Projet_12;
			productReference = 282B444A23D623620062C135 /* Projet_12.app */;
			productType = "com.apple.product-type.application";
		};
		28538D1E23F21D0200EE4FC1 /* Projet_12Tests */ = {
			isa = PBXNativeTarget;
			buildConfigurationList = 28538D2623F21D0200EE4FC1 /* Build configuration list for PBXNativeTarget "Projet_12Tests" */;
			buildPhases = (
				A0A6927189E03482AA48BF83 /* [CP] Check Pods Manifest.lock */,
				28538D1B23F21D0200EE4FC1 /* Sources */,
				28538D1C23F21D0200EE4FC1 /* Frameworks */,
				28538D1D23F21D0200EE4FC1 /* Resources */,
			);
			buildRules = (
			);
			dependencies = (
				28538D2523F21D0200EE4FC1 /* PBXTargetDependency */,
			);
			name = Projet_12Tests;
			productName = Projet_12Tests;
			productReference = 28538D1F23F21D0200EE4FC1 /* Projet_12Tests.xctest */;
			productType = "com.apple.product-type.bundle.unit-test";
		};
/* End PBXNativeTarget section */

/* Begin PBXProject section */
		282B444223D623620062C135 /* Project object */ = {
			isa = PBXProject;
			attributes = {
				LastSwiftUpdateCheck = 1010;
				LastUpgradeCheck = 1010;
				ORGANIZATIONNAME = "Léo NICOLAS";
				TargetAttributes = {
					282B444923D623620062C135 = {
						CreatedOnToolsVersion = 10.1;
					};
					28538D1E23F21D0200EE4FC1 = {
						CreatedOnToolsVersion = 10.1;
						LastSwiftMigration = 1010;
						TestTargetID = 282B444923D623620062C135;
					};
				};
			};
			buildConfigurationList = 282B444523D623620062C135 /* Build configuration list for PBXProject "Projet_12" */;
			compatibilityVersion = "Xcode 9.3";
			developmentRegion = en;
			hasScannedForEncodings = 0;
			knownRegions = (
				en,
				Base,
			);
			mainGroup = 282B444123D623620062C135;
			productRefGroup = 282B444B23D623620062C135 /* Products */;
			projectDirPath = "";
			projectRoot = "";
			targets = (
				282B444923D623620062C135 /* Projet_12 */,
				28538D1E23F21D0200EE4FC1 /* Projet_12Tests */,
			);
		};
/* End PBXProject section */

/* Begin PBXResourcesBuildPhase section */
		282B444823D623620062C135 /* Resources */ = {
			isa = PBXResourcesBuildPhase;
			buildActionMask = 2147483647;
			files = (
				28387C4F2404B6A000B20BB1 /* ForumTableViewCell.xib in Resources */,
				282B445823D623640062C135 /* LaunchScreen.storyboard in Resources */,
				282B446023D627900062C135 /* GoogleService-Info.plist in Resources */,
				282B445523D623640062C135 /* Assets.xcassets in Resources */,
				289659B12411A814003536BD /* TopicCellView.xib in Resources */,
				289659BA2412CC55003536BD /* PostView.xib in Resources */,
				282B445323D623620062C135 /* Main.storyboard in Resources */,
				282D6BF6240479AC002A90DA /* ImageSerieTableViewCell.xib in Resources */,
				28A0E1182432DA7D00B01886 /* FavoriteTopicView.xib in Resources */,
				28387C4B2404B25000B20BB1 /* SynopsisTableViewCell.xib in Resources */,
				282D6BFA24048A72002A90DA /* InformationSerieTableViewCell.xib in Resources */,
				282D6BFE2404A700002A90DA /* EvaluationTableViewCell.xib in Resources */,
			);
			runOnlyForDeploymentPostprocessing = 0;
		};
		28538D1D23F21D0200EE4FC1 /* Resources */ = {
			isa = PBXResourcesBuildPhase;
			buildActionMask = 2147483647;
			files = (
				28538D2C23F21DB300EE4FC1 /* SeriesList.json in Resources */,
			);
			runOnlyForDeploymentPostprocessing = 0;
		};
/* End PBXResourcesBuildPhase section */

/* Begin PBXShellScriptBuildPhase section */
		28898D502422C55D00BD06F3 /* ShellScript */ = {
			isa = PBXShellScriptBuildPhase;
			buildActionMask = 2147483647;
			files = (
			);
			inputFileListPaths = (
			);
			inputPaths = (
			);
			outputFileListPaths = (
			);
			outputPaths = (
			);
			runOnlyForDeploymentPostprocessing = 0;
			shellPath = /bin/sh;
			shellScript = "if which swiftlint >/dev/null; then\nswiftlint\nelse\necho \"warning: SwiftLint not installed, download from https://github.com/realm/SwiftLint\"\nfi\n";
		};
		51B7C8DCB3FCFD090BC37363 /* [CP] Check Pods Manifest.lock */ = {
			isa = PBXShellScriptBuildPhase;
			buildActionMask = 2147483647;
			files = (
			);
			inputFileListPaths = (
			);
			inputPaths = (
				"${PODS_PODFILE_DIR_PATH}/Podfile.lock",
				"${PODS_ROOT}/Manifest.lock",
			);
			name = "[CP] Check Pods Manifest.lock";
			outputFileListPaths = (
			);
			outputPaths = (
				"$(DERIVED_FILE_DIR)/Pods-Projet_12-checkManifestLockResult.txt",
			);
			runOnlyForDeploymentPostprocessing = 0;
			shellPath = /bin/sh;
			shellScript = "diff \"${PODS_PODFILE_DIR_PATH}/Podfile.lock\" \"${PODS_ROOT}/Manifest.lock\" > /dev/null\nif [ $? != 0 ] ; then\n    # print error to STDERR\n    echo \"error: The sandbox is not in sync with the Podfile.lock. Run 'pod install' or update your CocoaPods installation.\" >&2\n    exit 1\nfi\n# This output is used by Xcode 'outputs' to avoid re-running this script phase.\necho \"SUCCESS\" > \"${SCRIPT_OUTPUT_FILE_0}\"\n";
			showEnvVarsInLog = 0;
		};
		815503E4ED5B7F97E87C96BD /* [CP] Embed Pods Frameworks */ = {
			isa = PBXShellScriptBuildPhase;
			buildActionMask = 2147483647;
			files = (
			);
			inputFileListPaths = (
				"${PODS_ROOT}/Target Support Files/Pods-Projet_12/Pods-Projet_12-frameworks-${CONFIGURATION}-input-files.xcfilelist",
			);
			name = "[CP] Embed Pods Frameworks";
			outputFileListPaths = (
				"${PODS_ROOT}/Target Support Files/Pods-Projet_12/Pods-Projet_12-frameworks-${CONFIGURATION}-output-files.xcfilelist",
			);
			runOnlyForDeploymentPostprocessing = 0;
			shellPath = /bin/sh;
			shellScript = "\"${PODS_ROOT}/Target Support Files/Pods-Projet_12/Pods-Projet_12-frameworks.sh\"\n";
			showEnvVarsInLog = 0;
		};
		8F4A8D3BAB8A7E2A1F866A2D /* [CP] Copy Pods Resources */ = {
			isa = PBXShellScriptBuildPhase;
			buildActionMask = 2147483647;
			files = (
			);
			inputFileListPaths = (
				"${PODS_ROOT}/Target Support Files/Pods-Projet_12/Pods-Projet_12-resources-${CONFIGURATION}-input-files.xcfilelist",
			);
			name = "[CP] Copy Pods Resources";
			outputFileListPaths = (
				"${PODS_ROOT}/Target Support Files/Pods-Projet_12/Pods-Projet_12-resources-${CONFIGURATION}-output-files.xcfilelist",
			);
			runOnlyForDeploymentPostprocessing = 0;
			shellPath = /bin/sh;
			shellScript = "\"${PODS_ROOT}/Target Support Files/Pods-Projet_12/Pods-Projet_12-resources.sh\"\n";
			showEnvVarsInLog = 0;
		};
		A0A6927189E03482AA48BF83 /* [CP] Check Pods Manifest.lock */ = {
			isa = PBXShellScriptBuildPhase;
			buildActionMask = 2147483647;
			files = (
			);
			inputFileListPaths = (
			);
			inputPaths = (
				"${PODS_PODFILE_DIR_PATH}/Podfile.lock",
				"${PODS_ROOT}/Manifest.lock",
			);
			name = "[CP] Check Pods Manifest.lock";
			outputFileListPaths = (
			);
			outputPaths = (
				"$(DERIVED_FILE_DIR)/Pods-Projet_12Tests-checkManifestLockResult.txt",
			);
			runOnlyForDeploymentPostprocessing = 0;
			shellPath = /bin/sh;
			shellScript = "diff \"${PODS_PODFILE_DIR_PATH}/Podfile.lock\" \"${PODS_ROOT}/Manifest.lock\" > /dev/null\nif [ $? != 0 ] ; then\n    # print error to STDERR\n    echo \"error: The sandbox is not in sync with the Podfile.lock. Run 'pod install' or update your CocoaPods installation.\" >&2\n    exit 1\nfi\n# This output is used by Xcode 'outputs' to avoid re-running this script phase.\necho \"SUCCESS\" > \"${SCRIPT_OUTPUT_FILE_0}\"\n";
			showEnvVarsInLog = 0;
		};
/* End PBXShellScriptBuildPhase section */

/* Begin PBXSourcesBuildPhase section */
		282B444623D623620062C135 /* Sources */ = {
			isa = PBXSourcesBuildPhase;
			buildActionMask = 2147483647;
			files = (
				28387C512404C96D00B20BB1 /* NickNameViewController.swift in Sources */,
				289659A4240EB3D2003536BD /* Topic.swift in Sources */,
				282D6BF223FD8CA6002A90DA /* SerieDetailsViewController.swift in Sources */,
				28965999240DD428003536BD /* EvaluationViewController.swift in Sources */,
				287B239C2432C49D00DD9176 /* ForumFavoriteViewController.swift in Sources */,
				2896599C240DE1DC003536BD /* EvaluationService.swift in Sources */,
				289659BE2412D379003536BD /* PostTableViewCell.swift in Sources */,
				28387C4A2404B25000B20BB1 /* SynopsisTableViewCell.swift in Sources */,
				28A0E11C2432DB4600B01886 /* FavoriteTopicView.swift in Sources */,
				28C4511C23FC49CE00BBB0F2 /* User.swift in Sources */,
				289659AA24117BD4003536BD /* ForumService.swift in Sources */,
				289659A2240EACE2003536BD /* TopicEditingViewController.swift in Sources */,
				289659BC2412CCE3003536BD /* PostView.swift in Sources */,
				28C4511823FC410200BBB0F2 /* UsersService.swift in Sources */,
				28965995240CA0F0003536BD /* CustomShadowLayer.swift in Sources */,
				282D6BF5240479AC002A90DA /* ImageSerieTableViewCell.swift in Sources */,
				28538D1823EB22DF00EE4FC1 /* SeriesService.swift in Sources */,
				28E324E023DFA80900E1884C /* UIAlertController.swift in Sources */,
				28D106BD23F30892002C39C8 /* SerieTableViewCell.swift in Sources */,
				289659AC24119F7B003536BD /* DateService.swift in Sources */,
				282D6BF924048A72002A90DA /* InformationSerieTableViewCell.swift in Sources */,
				28387C4E2404B6A000B20BB1 /* ForumTableViewCell.swift in Sources */,
				289242E824296DFB00F27AD1 /* FavoriteTopicService.swift in Sources */,
				28538D1A23F2195B00EE4FC1 /* SeriesList.swift in Sources */,
				28965997240CA236003536BD /* UIColor.swift in Sources */,
				28D106B523F2F872002C39C8 /* APIKeys.swift in Sources */,
				282D6BFD2404A700002A90DA /* EvaluationTableViewCell.swift in Sources */,
				289659A6240EB49A003536BD /* Post.swift in Sources */,
				28A0E1152432CA0200B01886 /* FavoriteTopicInfos.swift in Sources */,
				2896599E240DE24F003536BD /* Evaluation.swift in Sources */,
				28A0E11E2432E82F00B01886 /* FavoriteTopicCell.swift in Sources */,
				28C4511A23FC45CC00BBB0F2 /* SignUpInfosViewController.swift in Sources */,
				289659A0240EA4DB003536BD /* ForumViewController.swift in Sources */,
				289659B72412C331003536BD /* TopicViewController.swift in Sources */,
				28E324DB23DFA5E900E1884C /* SignUpViewController.swift in Sources */,
				282D6BF023FCDA2C002A90DA /* SerieCollectionViewCell.swift in Sources */,
				282D6BEE23FCD482002A90DA /* Genres.swift in Sources */,
				289A667523D62CB200F84F93 /* AuthenticationViewController.swift in Sources */,
				28E324E223DFAD0A00E1884C /* LoginViewController.swift in Sources */,
				282B444E23D623620062C135 /* AppDelegate.swift in Sources */,
				289659B32411A8A5003536BD /* TopicCellView.swift in Sources */,
				289659B52411B195003536BD /* TopicCell.swift in Sources */,
				28D106B323F23473002C39C8 /* SeriesViewController.swift in Sources */,
			);
			runOnlyForDeploymentPostprocessing = 0;
		};
		28538D1B23F21D0200EE4FC1 /* Sources */ = {
			isa = PBXSourcesBuildPhase;
			buildActionMask = 2147483647;
			files = (
				28538D2A23F21D6A00EE4FC1 /* SeriesServiceTestCase.swift in Sources */,
				28538D3023F2219D00EE4FC1 /* URLSessionFake.swift in Sources */,
				28538D2E23F21EB400EE4FC1 /* FakeResponseData.swift in Sources */,
				28898D4F2422BE4D00BD06F3 /* GenresTestCase.swift in Sources */,
				28898D4D2422B5B100BD06F3 /* DateServiceTestCase.swift in Sources */,
			);
			runOnlyForDeploymentPostprocessing = 0;
		};
/* End PBXSourcesBuildPhase section */

/* Begin PBXTargetDependency section */
		28538D2523F21D0200EE4FC1 /* PBXTargetDependency */ = {
			isa = PBXTargetDependency;
			target = 282B444923D623620062C135 /* Projet_12 */;
			targetProxy = 28538D2423F21D0200EE4FC1 /* PBXContainerItemProxy */;
		};
/* End PBXTargetDependency section */

/* Begin PBXVariantGroup section */
		282B445123D623620062C135 /* Main.storyboard */ = {
			isa = PBXVariantGroup;
			children = (
				282B445223D623620062C135 /* Base */,
			);
			name = Main.storyboard;
			sourceTree = "<group>";
		};
		282B445623D623640062C135 /* LaunchScreen.storyboard */ = {
			isa = PBXVariantGroup;
			children = (
				282B445723D623640062C135 /* Base */,
			);
			name = LaunchScreen.storyboard;
			sourceTree = "<group>";
		};
/* End PBXVariantGroup section */

/* Begin XCBuildConfiguration section */
		282B445A23D623640062C135 /* Debug */ = {
			isa = XCBuildConfiguration;
			buildSettings = {
				ALWAYS_SEARCH_USER_PATHS = NO;
				CLANG_ANALYZER_NONNULL = YES;
				CLANG_ANALYZER_NUMBER_OBJECT_CONVERSION = YES_AGGRESSIVE;
				CLANG_CXX_LANGUAGE_STANDARD = "gnu++14";
				CLANG_CXX_LIBRARY = "libc++";
				CLANG_ENABLE_MODULES = YES;
				CLANG_ENABLE_OBJC_ARC = YES;
				CLANG_ENABLE_OBJC_WEAK = YES;
				CLANG_WARN_BLOCK_CAPTURE_AUTORELEASING = YES;
				CLANG_WARN_BOOL_CONVERSION = YES;
				CLANG_WARN_COMMA = YES;
				CLANG_WARN_CONSTANT_CONVERSION = YES;
				CLANG_WARN_DEPRECATED_OBJC_IMPLEMENTATIONS = YES;
				CLANG_WARN_DIRECT_OBJC_ISA_USAGE = YES_ERROR;
				CLANG_WARN_DOCUMENTATION_COMMENTS = YES;
				CLANG_WARN_EMPTY_BODY = YES;
				CLANG_WARN_ENUM_CONVERSION = YES;
				CLANG_WARN_INFINITE_RECURSION = YES;
				CLANG_WARN_INT_CONVERSION = YES;
				CLANG_WARN_NON_LITERAL_NULL_CONVERSION = YES;
				CLANG_WARN_OBJC_IMPLICIT_RETAIN_SELF = YES;
				CLANG_WARN_OBJC_LITERAL_CONVERSION = YES;
				CLANG_WARN_OBJC_ROOT_CLASS = YES_ERROR;
				CLANG_WARN_RANGE_LOOP_ANALYSIS = YES;
				CLANG_WARN_STRICT_PROTOTYPES = YES;
				CLANG_WARN_SUSPICIOUS_MOVE = YES;
				CLANG_WARN_UNGUARDED_AVAILABILITY = YES_AGGRESSIVE;
				CLANG_WARN_UNREACHABLE_CODE = YES;
				CLANG_WARN__DUPLICATE_METHOD_MATCH = YES;
				CODE_SIGN_IDENTITY = "iPhone Developer";
				COPY_PHASE_STRIP = NO;
				DEBUG_INFORMATION_FORMAT = dwarf;
				ENABLE_STRICT_OBJC_MSGSEND = YES;
				ENABLE_TESTABILITY = YES;
				GCC_C_LANGUAGE_STANDARD = gnu11;
				GCC_DYNAMIC_NO_PIC = NO;
				GCC_NO_COMMON_BLOCKS = YES;
				GCC_OPTIMIZATION_LEVEL = 0;
				GCC_PREPROCESSOR_DEFINITIONS = (
					"DEBUG=1",
					"$(inherited)",
				);
				GCC_WARN_64_TO_32_BIT_CONVERSION = YES;
				GCC_WARN_ABOUT_RETURN_TYPE = YES_ERROR;
				GCC_WARN_UNDECLARED_SELECTOR = YES;
				GCC_WARN_UNINITIALIZED_AUTOS = YES_AGGRESSIVE;
				GCC_WARN_UNUSED_FUNCTION = YES;
				GCC_WARN_UNUSED_VARIABLE = YES;
				IPHONEOS_DEPLOYMENT_TARGET = 11.0;
				MTL_ENABLE_DEBUG_INFO = INCLUDE_SOURCE;
				MTL_FAST_MATH = YES;
				ONLY_ACTIVE_ARCH = YES;
				SDKROOT = iphoneos;
				SWIFT_ACTIVE_COMPILATION_CONDITIONS = DEBUG;
				SWIFT_OPTIMIZATION_LEVEL = "-Onone";
			};
			name = Debug;
		};
		282B445B23D623640062C135 /* Release */ = {
			isa = XCBuildConfiguration;
			buildSettings = {
				ALWAYS_SEARCH_USER_PATHS = NO;
				CLANG_ANALYZER_NONNULL = YES;
				CLANG_ANALYZER_NUMBER_OBJECT_CONVERSION = YES_AGGRESSIVE;
				CLANG_CXX_LANGUAGE_STANDARD = "gnu++14";
				CLANG_CXX_LIBRARY = "libc++";
				CLANG_ENABLE_MODULES = YES;
				CLANG_ENABLE_OBJC_ARC = YES;
				CLANG_ENABLE_OBJC_WEAK = YES;
				CLANG_WARN_BLOCK_CAPTURE_AUTORELEASING = YES;
				CLANG_WARN_BOOL_CONVERSION = YES;
				CLANG_WARN_COMMA = YES;
				CLANG_WARN_CONSTANT_CONVERSION = YES;
				CLANG_WARN_DEPRECATED_OBJC_IMPLEMENTATIONS = YES;
				CLANG_WARN_DIRECT_OBJC_ISA_USAGE = YES_ERROR;
				CLANG_WARN_DOCUMENTATION_COMMENTS = YES;
				CLANG_WARN_EMPTY_BODY = YES;
				CLANG_WARN_ENUM_CONVERSION = YES;
				CLANG_WARN_INFINITE_RECURSION = YES;
				CLANG_WARN_INT_CONVERSION = YES;
				CLANG_WARN_NON_LITERAL_NULL_CONVERSION = YES;
				CLANG_WARN_OBJC_IMPLICIT_RETAIN_SELF = YES;
				CLANG_WARN_OBJC_LITERAL_CONVERSION = YES;
				CLANG_WARN_OBJC_ROOT_CLASS = YES_ERROR;
				CLANG_WARN_RANGE_LOOP_ANALYSIS = YES;
				CLANG_WARN_STRICT_PROTOTYPES = YES;
				CLANG_WARN_SUSPICIOUS_MOVE = YES;
				CLANG_WARN_UNGUARDED_AVAILABILITY = YES_AGGRESSIVE;
				CLANG_WARN_UNREACHABLE_CODE = YES;
				CLANG_WARN__DUPLICATE_METHOD_MATCH = YES;
				CODE_SIGN_IDENTITY = "iPhone Developer";
				COPY_PHASE_STRIP = NO;
				DEBUG_INFORMATION_FORMAT = "dwarf-with-dsym";
				ENABLE_NS_ASSERTIONS = NO;
				ENABLE_STRICT_OBJC_MSGSEND = YES;
				GCC_C_LANGUAGE_STANDARD = gnu11;
				GCC_NO_COMMON_BLOCKS = YES;
				GCC_WARN_64_TO_32_BIT_CONVERSION = YES;
				GCC_WARN_ABOUT_RETURN_TYPE = YES_ERROR;
				GCC_WARN_UNDECLARED_SELECTOR = YES;
				GCC_WARN_UNINITIALIZED_AUTOS = YES_AGGRESSIVE;
				GCC_WARN_UNUSED_FUNCTION = YES;
				GCC_WARN_UNUSED_VARIABLE = YES;
				IPHONEOS_DEPLOYMENT_TARGET = 11.0;
				MTL_ENABLE_DEBUG_INFO = NO;
				MTL_FAST_MATH = YES;
				SDKROOT = iphoneos;
				SWIFT_COMPILATION_MODE = wholemodule;
				SWIFT_OPTIMIZATION_LEVEL = "-O";
				VALIDATE_PRODUCT = YES;
			};
			name = Release;
		};
		282B445D23D623640062C135 /* Debug */ = {
			isa = XCBuildConfiguration;
			baseConfigurationReference = EC4EC3D3376EA637840BDEF3 /* Pods-Projet_12.debug.xcconfig */;
			buildSettings = {
				ASSETCATALOG_COMPILER_APPICON_NAME = AppIcon;
				CODE_SIGN_STYLE = Automatic;
				INFOPLIST_FILE = "$(SRCROOT)/Projet_12/Supporting Files/Info.plist";
				IPHONEOS_DEPLOYMENT_TARGET = 11.0;
				LD_RUNPATH_SEARCH_PATHS = (
					"$(inherited)",
					"@executable_path/Frameworks",
				);
				PRODUCT_BUNDLE_IDENTIFIER = "fr.nicolasleo.Projet-12";
				PRODUCT_NAME = "$(TARGET_NAME)";
				SWIFT_VERSION = 4.2;
				TARGETED_DEVICE_FAMILY = "1,2";
			};
			name = Debug;
		};
		282B445E23D623640062C135 /* Release */ = {
			isa = XCBuildConfiguration;
			baseConfigurationReference = 918FEB4D5BB8D6769A3B2634 /* Pods-Projet_12.release.xcconfig */;
			buildSettings = {
				ASSETCATALOG_COMPILER_APPICON_NAME = AppIcon;
				CODE_SIGN_STYLE = Automatic;
				INFOPLIST_FILE = "$(SRCROOT)/Projet_12/Supporting Files/Info.plist";
				IPHONEOS_DEPLOYMENT_TARGET = 11.0;
				LD_RUNPATH_SEARCH_PATHS = (
					"$(inherited)",
					"@executable_path/Frameworks",
				);
				PRODUCT_BUNDLE_IDENTIFIER = "fr.nicolasleo.Projet-12";
				PRODUCT_NAME = "$(TARGET_NAME)";
				SWIFT_VERSION = 4.2;
				TARGETED_DEVICE_FAMILY = "1,2";
			};
			name = Release;
		};
		28538D2723F21D0200EE4FC1 /* Debug */ = {
			isa = XCBuildConfiguration;
			baseConfigurationReference = A74042737CDB5060465E4E16 /* Pods-Projet_12Tests.debug.xcconfig */;
			buildSettings = {
				BUNDLE_LOADER = "$(TEST_HOST)";
				CLANG_ENABLE_MODULES = YES;
				CODE_SIGN_STYLE = Automatic;
				INFOPLIST_FILE = Projet_12Tests/Info.plist;
				LD_RUNPATH_SEARCH_PATHS = (
					"$(inherited)",
					"@executable_path/Frameworks",
					"@loader_path/Frameworks",
				);
				PRODUCT_BUNDLE_IDENTIFIER = "fr.nicolasleo.Projet-12Tests";
				PRODUCT_NAME = "$(TARGET_NAME)";
				SWIFT_OPTIMIZATION_LEVEL = "-Onone";
				SWIFT_VERSION = 4.2;
				TARGETED_DEVICE_FAMILY = "1,2";
				TEST_HOST = "$(BUILT_PRODUCTS_DIR)/Projet_12.app/Projet_12";
			};
			name = Debug;
		};
		28538D2823F21D0200EE4FC1 /* Release */ = {
			isa = XCBuildConfiguration;
			baseConfigurationReference = ED901E6E9F29B1F37D0DA916 /* Pods-Projet_12Tests.release.xcconfig */;
			buildSettings = {
				BUNDLE_LOADER = "$(TEST_HOST)";
				CLANG_ENABLE_MODULES = YES;
				CODE_SIGN_STYLE = Automatic;
				INFOPLIST_FILE = Projet_12Tests/Info.plist;
				LD_RUNPATH_SEARCH_PATHS = (
					"$(inherited)",
					"@executable_path/Frameworks",
					"@loader_path/Frameworks",
				);
				PRODUCT_BUNDLE_IDENTIFIER = "fr.nicolasleo.Projet-12Tests";
				PRODUCT_NAME = "$(TARGET_NAME)";
				SWIFT_VERSION = 4.2;
				TARGETED_DEVICE_FAMILY = "1,2";
				TEST_HOST = "$(BUILT_PRODUCTS_DIR)/Projet_12.app/Projet_12";
			};
			name = Release;
		};
/* End XCBuildConfiguration section */

/* Begin XCConfigurationList section */
		282B444523D623620062C135 /* Build configuration list for PBXProject "Projet_12" */ = {
			isa = XCConfigurationList;
			buildConfigurations = (
				282B445A23D623640062C135 /* Debug */,
				282B445B23D623640062C135 /* Release */,
			);
			defaultConfigurationIsVisible = 0;
			defaultConfigurationName = Release;
		};
		282B445C23D623640062C135 /* Build configuration list for PBXNativeTarget "Projet_12" */ = {
			isa = XCConfigurationList;
			buildConfigurations = (
				282B445D23D623640062C135 /* Debug */,
				282B445E23D623640062C135 /* Release */,
			);
			defaultConfigurationIsVisible = 0;
			defaultConfigurationName = Release;
		};
		28538D2623F21D0200EE4FC1 /* Build configuration list for PBXNativeTarget "Projet_12Tests" */ = {
			isa = XCConfigurationList;
			buildConfigurations = (
				28538D2723F21D0200EE4FC1 /* Debug */,
				28538D2823F21D0200EE4FC1 /* Release */,
			);
			defaultConfigurationIsVisible = 0;
			defaultConfigurationName = Release;
		};
/* End XCConfigurationList section */
	};
	rootObject = 282B444223D623620062C135 /* Project object */;
}
